
Microsoft Visual Studio Solution File, Format Version 12.00
# Visual Studio Version 17
VisualStudioVersion = 17.8.34511.84
MinimumVisualStudioVersion = 10.0.40219.1
Project("{2150E333-8FDC-42A3-9474-1A3956D46DE8}") = "FrontEnd", "FrontEnd", "{580C3721-BBC6-4BF4-9DE3-940FB71E58EE}"
EndProject
Project("{2150E333-8FDC-42A3-9474-1A3956D46DE8}") = "Gateway", "Gateway", "{8E931472-A562-43F5-81F4-90A215CE8795}"
EndProject
Project("{2150E333-8FDC-42A3-9474-1A3956D46DE8}") = "Integration", "Integration", "{64A1DF2C-A732-4E6A-A3B6-D10FE481D4AD}"
EndProject
Project("{2150E333-8FDC-42A3-9474-1A3956D46DE8}") = "Services", "Services", "{45075281-289F-425A-8CFC-E5A19BD60CF4}"
EndProject
Project("{9A19103F-16F7-4668-BE54-9A1E7A4F7556}") = "Mango.Services.CouponAPI", "Mango.Services.CouponAPI\Mango.Services.CouponAPI.csproj", "{EFACC0CF-1D4C-4EA5-A15C-98E49513BE41}"
EndProject
Project("{9A19103F-16F7-4668-BE54-9A1E7A4F7556}") = "Mango.Web", "Mango.Web\Mango.Web.csproj", "{08372F5F-D647-4281-92D4-C61A033421EB}"
EndProject
Project("{9A19103F-16F7-4668-BE54-9A1E7A4F7556}") = "Mango.Services.AuthApi", "Mango.Services.AuthApi\Mango.Services.AuthApi.csproj", "{CC7EF275-46C6-445F-91ED-F96C2EAE981C}"
EndProject
Project("{9A19103F-16F7-4668-BE54-9A1E7A4F7556}") = "Mango.Services.ProductAPI", "Mango.Services.ProductAPI\Mango.Services.ProductAPI.csproj", "{0EF9A81C-B1AF-40BE-ADDC-05AB227C6D2B}"
EndProject
Project("{9A19103F-16F7-4668-BE54-9A1E7A4F7556}") = "Mango.Services.ShoppingCartAPI", "Mango.Services.ShoppingCartAPI\Mango.Services.ShoppingCartAPI.csproj", "{A84D163D-1ED9-40BA-A809-C695B81D595B}"
EndProject
Project("{9A19103F-16F7-4668-BE54-9A1E7A4F7556}") = "Mango.MessageBus", "Mango.MessageBus\Mango.MessageBus.csproj", "{0E83318D-B121-4891-A000-EF3D6EB68D1C}"
EndProject
Project("{9A19103F-16F7-4668-BE54-9A1E7A4F7556}") = "Mango.Services.EmailAPI", "Mango.Services.EmailAPI\Mango.Services.EmailAPI.csproj", "{537567E1-9B11-404F-B87D-A5591F3B85A5}"
EndProject
Project("{9A19103F-16F7-4668-BE54-9A1E7A4F7556}") = "Mango.Services.OrderAPI", "Mango.Services.OrderAPI\Mango.Services.OrderAPI.csproj", "{CCAD31F3-3892-4816-BC5E-D436D32A9855}"
EndProject
Project("{9A19103F-16F7-4668-BE54-9A1E7A4F7556}") = "Mango.Services.RewardAPI", "Mango.Services.RewardAPI\Mango.Services.RewardAPI.csproj", "{3F7B6F60-6286-461C-999E-5477771F0D03}"
EndProject
Project("{FAE04EC0-301F-11D3-BF4B-00C04F79EFBC}") = "Mango.GatewaySolution", "Mango.GatewaySolution\Mango.GatewaySolution.csproj", "{0ABAC2DC-E0A0-451A-960E-45D7E0B51701}"
EndProject
Global
	GlobalSection(SolutionConfigurationPlatforms) = preSolution
		Debug|Any CPU = Debug|Any CPU
		Release|Any CPU = Release|Any CPU
	EndGlobalSection
	GlobalSection(ProjectConfigurationPlatforms) = postSolution
		{EFACC0CF-1D4C-4EA5-A15C-98E49513BE41}.Debug|Any CPU.ActiveCfg = Debug|Any CPU
		{EFACC0CF-1D4C-4EA5-A15C-98E49513BE41}.Debug|Any CPU.Build.0 = Debug|Any CPU
		{EFACC0CF-1D4C-4EA5-A15C-98E49513BE41}.Release|Any CPU.ActiveCfg = Release|Any CPU
		{EFACC0CF-1D4C-4EA5-A15C-98E49513BE41}.Release|Any CPU.Build.0 = Release|Any CPU
		{08372F5F-D647-4281-92D4-C61A033421EB}.Debug|Any CPU.ActiveCfg = Debug|Any CPU
		{08372F5F-D647-4281-92D4-C61A033421EB}.Debug|Any CPU.Build.0 = Debug|Any CPU
		{08372F5F-D647-4281-92D4-C61A033421EB}.Release|Any CPU.ActiveCfg = Release|Any CPU
		{08372F5F-D647-4281-92D4-C61A033421EB}.Release|Any CPU.Build.0 = Release|Any CPU
		{CC7EF275-46C6-445F-91ED-F96C2EAE981C}.Debug|Any CPU.ActiveCfg = Debug|Any CPU
		{CC7EF275-46C6-445F-91ED-F96C2EAE981C}.Debug|Any CPU.Build.0 = Debug|Any CPU
		{CC7EF275-46C6-445F-91ED-F96C2EAE981C}.Release|Any CPU.ActiveCfg = Release|Any CPU
		{CC7EF275-46C6-445F-91ED-F96C2EAE981C}.Release|Any CPU.Build.0 = Release|Any CPU
		{0EF9A81C-B1AF-40BE-ADDC-05AB227C6D2B}.Debug|Any CPU.ActiveCfg = Debug|Any CPU
		{0EF9A81C-B1AF-40BE-ADDC-05AB227C6D2B}.Debug|Any CPU.Build.0 = Debug|Any CPU
		{0EF9A81C-B1AF-40BE-ADDC-05AB227C6D2B}.Release|Any CPU.ActiveCfg = Release|Any CPU
		{0EF9A81C-B1AF-40BE-ADDC-05AB227C6D2B}.Release|Any CPU.Build.0 = Release|Any CPU
		{A84D163D-1ED9-40BA-A809-C695B81D595B}.Debug|Any CPU.ActiveCfg = Debug|Any CPU
		{A84D163D-1ED9-40BA-A809-C695B81D595B}.Debug|Any CPU.Build.0 = Debug|Any CPU
		{A84D163D-1ED9-40BA-A809-C695B81D595B}.Release|Any CPU.ActiveCfg = Release|Any CPU
		{A84D163D-1ED9-40BA-A809-C695B81D595B}.Release|Any CPU.Build.0 = Release|Any CPU
		{0E83318D-B121-4891-A000-EF3D6EB68D1C}.Debug|Any CPU.ActiveCfg = Debug|Any CPU
		{0E83318D-B121-4891-A000-EF3D6EB68D1C}.Debug|Any CPU.Build.0 = Debug|Any CPU
		{0E83318D-B121-4891-A000-EF3D6EB68D1C}.Release|Any CPU.ActiveCfg = Release|Any CPU
		{0E83318D-B121-4891-A000-EF3D6EB68D1C}.Release|Any CPU.Build.0 = Release|Any CPU
		{537567E1-9B11-404F-B87D-A5591F3B85A5}.Debug|Any CPU.ActiveCfg = Debug|Any CPU
		{537567E1-9B11-404F-B87D-A5591F3B85A5}.Debug|Any CPU.Build.0 = Debug|Any CPU
		{537567E1-9B11-404F-B87D-A5591F3B85A5}.Release|Any CPU.ActiveCfg = Release|Any CPU
		{537567E1-9B11-404F-B87D-A5591F3B85A5}.Release|Any CPU.Build.0 = Release|Any CPU
		{CCAD31F3-3892-4816-BC5E-D436D32A9855}.Debug|Any CPU.ActiveCfg = Debug|Any CPU
		{CCAD31F3-3892-4816-BC5E-D436D32A9855}.Debug|Any CPU.Build.0 = Debug|Any CPU
		{CCAD31F3-3892-4816-BC5E-D436D32A9855}.Release|Any CPU.ActiveCfg = Release|Any CPU
		{CCAD31F3-3892-4816-BC5E-D436D32A9855}.Release|Any CPU.Build.0 = Release|Any CPU
		{3F7B6F60-6286-461C-999E-5477771F0D03}.Debug|Any CPU.ActiveCfg = Debug|Any CPU
		{3F7B6F60-6286-461C-999E-5477771F0D03}.Debug|Any CPU.Build.0 = Debug|Any CPU
		{3F7B6F60-6286-461C-999E-5477771F0D03}.Release|Any CPU.ActiveCfg = Release|Any CPU
		{3F7B6F60-6286-461C-999E-5477771F0D03}.Release|Any CPU.Build.0 = Release|Any CPU
		{0ABAC2DC-E0A0-451A-960E-45D7E0B51701}.Debug|Any CPU.ActiveCfg = Debug|Any CPU
		{0ABAC2DC-E0A0-451A-960E-45D7E0B51701}.Debug|Any CPU.Build.0 = Debug|Any CPU
		{0ABAC2DC-E0A0-451A-960E-45D7E0B51701}.Release|Any CPU.ActiveCfg = Release|Any CPU
		{0ABAC2DC-E0A0-451A-960E-45D7E0B51701}.Release|Any CPU.Build.0 = Release|Any CPU
	EndGlobalSection
	GlobalSection(SolutionProperties) = preSolution
		HideSolutionNode = FALSE
	EndGlobalSection
	GlobalSection(NestedProjects) = preSolution
		{EFACC0CF-1D4C-4EA5-A15C-98E49513BE41} = {45075281-289F-425A-8CFC-E5A19BD60CF4}
		{08372F5F-D647-4281-92D4-C61A033421EB} = {580C3721-BBC6-4BF4-9DE3-940FB71E58EE}
		{CC7EF275-46C6-445F-91ED-F96C2EAE981C} = {45075281-289F-425A-8CFC-E5A19BD60CF4}
		{0EF9A81C-B1AF-40BE-ADDC-05AB227C6D2B} = {45075281-289F-425A-8CFC-E5A19BD60CF4}
		{A84D163D-1ED9-40BA-A809-C695B81D595B} = {45075281-289F-425A-8CFC-E5A19BD60CF4}
		{0E83318D-B121-4891-A000-EF3D6EB68D1C} = {64A1DF2C-A732-4E6A-A3B6-D10FE481D4AD}
		{537567E1-9B11-404F-B87D-A5591F3B85A5} = {45075281-289F-425A-8CFC-E5A19BD60CF4}
		{CCAD31F3-3892-4816-BC5E-D436D32A9855} = {45075281-289F-425A-8CFC-E5A19BD60CF4}
		{3F7B6F60-6286-461C-999E-5477771F0D03} = {45075281-289F-425A-8CFC-E5A19BD60CF4}
		{0ABAC2DC-E0A0-451A-960E-45D7E0B51701} = {8E931472-A562-43F5-81F4-90A215CE8795}
	EndGlobalSection
	GlobalSection(ExtensibilityGlobals) = postSolution
		SolutionGuid = {ECF933F7-5652-4E67-A038-990797C84E71}
	EndGlobalSection
EndGlobal
